
Microsoft Visual Studio Solution File, Format Version 12.00
Project("{FAE04EC0-301F-11D3-BF4B-00C04F79EFBC}") = "Rust.UIFramework", "Rust.UIFramework\Rust.UIFramework.csproj", "{2CEE08B1-A5BD-4F64-A1A9-5242440758D0}"
EndProject
Project("{FAE04EC0-301F-11D3-BF4B-00C04F79EFBC}") = "Rust.UiFramework.Benchmarks", "Rust.UiFramework.Benchmarks\Rust.UiFramework.Benchmarks.csproj", "{6C18B22C-7319-4C3F-B7F9-F9B87B6B244C}"
EndProject
Project("{FAE04EC0-301F-11D3-BF4B-00C04F79EFBC}") = "Rust.UiFramework.Plugins", "Rust.UiFramework.Plugins\Rust.UiFramework.Plugins.csproj", "{5E54706A-32E2-4E3E-BE13-D3C646DD1533}"
EndProject
Project("{FAE04EC0-301F-11D3-BF4B-00C04F79EFBC}") = "Rust.UiFramework.UnitTests", "Rust.UiFramework.UnitTests\Rust.UiFramework.UnitTests.csproj", "{6D5681D6-15DF-41DF-8A1F-03A923F592F1}"
EndProject
Project("{FAE04EC0-301F-11D3-BF4B-00C04F79EFBC}") = "Rust.UiFramework.SourceGenerators", "Rust.UiFramework.SourceGenerators\Rust.UiFramework.SourceGenerators.csproj", "{26704024-E6B8-488A-B781-81C4D96101D9}"
EndProject
Global
	GlobalSection(SolutionConfigurationPlatforms) = preSolution
		Release|Oxide = Release|Oxide
		Debug|Oxide = Debug|Oxide
		Benchmarks|Oxide = Benchmarks|Oxide
		Unit Tests|Oxide = Unit Tests|Oxide
	EndGlobalSection
	GlobalSection(ProjectConfigurationPlatforms) = postSolution
		{2CEE08B1-A5BD-4F64-A1A9-5242440758D0}.Debug|Oxide.ActiveCfg = Debug|Oxide
		{2CEE08B1-A5BD-4F64-A1A9-5242440758D0}.Debug|Oxide.Build.0 = Debug|Oxide
		{2CEE08B1-A5BD-4F64-A1A9-5242440758D0}.Release|Oxide.ActiveCfg = Release|Oxide
		{2CEE08B1-A5BD-4F64-A1A9-5242440758D0}.Release|Oxide.Build.0 = Release|Oxide
		{2CEE08B1-A5BD-4F64-A1A9-5242440758D0}.Benchmarks|Oxide.ActiveCfg = Benchmarks|Oxide
		{2CEE08B1-A5BD-4F64-A1A9-5242440758D0}.Benchmarks|Oxide.Build.0 = Benchmarks|Oxide
		{2CEE08B1-A5BD-4F64-A1A9-5242440758D0}.Unit Tests|Oxide.ActiveCfg = Unit Tests|Oxide
		{2CEE08B1-A5BD-4F64-A1A9-5242440758D0}.Unit Tests|Oxide.Build.0 = Unit Tests|Oxide
		{6C18B22C-7319-4C3F-B7F9-F9B87B6B244C}.Release|Oxide.ActiveCfg = Release|Oxide
		{6C18B22C-7319-4C3F-B7F9-F9B87B6B244C}.Benchmarks|Oxide.ActiveCfg = Benchmarks|Oxide
		{6C18B22C-7319-4C3F-B7F9-F9B87B6B244C}.Benchmarks|Oxide.Build.0 = Benchmarks|Oxide
		{6C18B22C-7319-4C3F-B7F9-F9B87B6B244C}.Debug|Oxide.ActiveCfg = Debug|Oxide
		{6C18B22C-7319-4C3F-B7F9-F9B87B6B244C}.Unit Tests|Oxide.ActiveCfg = Unit Tests|Oxide
		{5E54706A-32E2-4E3E-BE13-D3C646DD1533}.Release|Oxide.ActiveCfg = Release|Oxide
		{5E54706A-32E2-4E3E-BE13-D3C646DD1533}.Release|Oxide.Build.0 = Release|Oxide
		{5E54706A-32E2-4E3E-BE13-D3C646DD1533}.Debug|Oxide.ActiveCfg = Debug|Oxide
		{5E54706A-32E2-4E3E-BE13-D3C646DD1533}.Debug|Oxide.Build.0 = Debug|Oxide
		{5E54706A-32E2-4E3E-BE13-D3C646DD1533}.Benchmarks|Oxide.ActiveCfg = Benchmarks|Oxide
		{5E54706A-32E2-4E3E-BE13-D3C646DD1533}.Unit Tests|Oxide.ActiveCfg = Unit Tests|Oxide
		{5E54706A-32E2-4E3E-BE13-D3C646DD1533}.Unit Tests|Oxide.Build.0 = Unit Tests|Oxide
		{6D5681D6-15DF-41DF-8A1F-03A923F592F1}.Benchmarks|Oxide.ActiveCfg = Benchmarks|Oxide
		{6D5681D6-15DF-41DF-8A1F-03A923F592F1}.Debug|Oxide.ActiveCfg = Debug|Oxide
		{6D5681D6-15DF-41DF-8A1F-03A923F592F1}.Release|Oxide.ActiveCfg = Release|Oxide
		{6D5681D6-15DF-41DF-8A1F-03A923F592F1}.Unit Tests|Oxide.ActiveCfg = Unit Tests|Oxide
		{6D5681D6-15DF-41DF-8A1F-03A923F592F1}.Unit Tests|Oxide.Build.0 = Unit Tests|Oxide
		{26704024-E6B8-488A-B781-81C4D96101D9}.Release|Oxide.ActiveCfg = Release|Any CPU
		{26704024-E6B8-488A-B781-81C4D96101D9}.Release|Oxide.Build.0 = Release|Any CPU
		{26704024-E6B8-488A-B781-81C4D96101D9}.Debug|Oxide.ActiveCfg = Debug|Any CPU
		{26704024-E6B8-488A-B781-81C4D96101D9}.Debug|Oxide.Build.0 = Debug|Any CPU
		{26704024-E6B8-488A-B781-81C4D96101D9}.Benchmarks|Oxide.ActiveCfg = Debug|Any CPU
		{26704024-E6B8-488A-B781-81C4D96101D9}.Benchmarks|Oxide.Build.0 = Debug|Any CPU
		{26704024-E6B8-488A-B781-81C4D96101D9}.Unit Tests|Oxide.ActiveCfg = Debug|Any CPU
		{26704024-E6B8-488A-B781-81C4D96101D9}.Unit Tests|Oxide.Build.0 = Debug|Any CPU
	EndGlobalSection
EndGlobal
