
Microsoft Visual Studio Solution File, Format Version 12.00
Project("{FAE04EC0-301F-11D3-BF4B-00C04F79EFBC}") = "Rust.UIFramework", "Rust.UIFramework\Rust.UIFramework.csproj", "{2CEE08B1-A5BD-4F64-A1A9-5242440758D0}"
EndProject
Project("{FAE04EC0-301F-11D3-BF4B-00C04F79EFBC}") = "Rust.UiFramework.Benchmarks", "Rust.UiFramework.Benchmarks\Rust.UiFramework.Benchmarks.csproj", "{7D1DD85A-E97C-4B11-BD53-9DA590EA4766}"
EndProject
Global
	GlobalSection(SolutionConfigurationPlatforms) = preSolution
		Debug|Any CPU = Debug|Any CPU
		Release|Any CPU = Release|Any CPU
	EndGlobalSection
	GlobalSection(ProjectConfigurationPlatforms) = postSolution
		{2CEE08B1-A5BD-4F64-A1A9-5242440758D0}.Debug|Any CPU.ActiveCfg = Debug|Any CPU
		{2CEE08B1-A5BD-4F64-A1A9-5242440758D0}.Debug|Any CPU.Build.0 = Debug|Any CPU
		{2CEE08B1-A5BD-4F64-A1A9-5242440758D0}.Release|Any CPU.ActiveCfg = Release|Any CPU
		{2CEE08B1-A5BD-4F64-A1A9-5242440758D0}.Release|Any CPU.Build.0 = Release|Any CPU
		{7D1DD85A-E97C-4B11-BD53-9DA590EA4766}.Debug|Any CPU.ActiveCfg = Debug|Any CPU
		{7D1DD85A-E97C-4B11-BD53-9DA590EA4766}.Debug|Any CPU.Build.0 = Debug|Any CPU
		{7D1DD85A-E97C-4B11-BD53-9DA590EA4766}.Release|Any CPU.ActiveCfg = Release|Any CPU
		{7D1DD85A-E97C-4B11-BD53-9DA590EA4766}.Release|Any CPU.Build.0 = Release|Any CPU
	EndGlobalSection
EndGlobal
